// !$*UTF8*$!
{
	archiveVersion = 1;
	classes = {
	};
	objectVersion = 48;
	objects = {

/* Begin PBXBuildFile section */
		9460BA211FC95D9800DB3606 /* AppDelegate.m in Sources */ = {isa = PBXBuildFile; fileRef = 9460BA201FC95D9800DB3606 /* AppDelegate.m */; };
		9460BA241FC95D9800DB3606 /* ViewController.m in Sources */ = {isa = PBXBuildFile; fileRef = 9460BA231FC95D9800DB3606 /* ViewController.m */; };
		9460BA291FC95D9800DB3606 /* Assets.xcassets in Resources */ = {isa = PBXBuildFile; fileRef = 9460BA281FC95D9800DB3606 /* Assets.xcassets */; };
		9460BA2F1FC95D9800DB3606 /* main.m in Sources */ = {isa = PBXBuildFile; fileRef = 9460BA2E1FC95D9800DB3606 /* main.m */; };
		9460BA371FC9603A00DB3606 /* CounterModel.m in Sources */ = {isa = PBXBuildFile; fileRef = 9460BA361FC9603A00DB3606 /* CounterModel.m */; };
		9460BA3B1FC96BEE00DB3606 /* Presenter.m in Sources */ = {isa = PBXBuildFile; fileRef = 9460BA3A1FC96BEE00DB3606 /* Presenter.m */; };
		9460BA401FC9821400DB3606 /* ViewModel.m in Sources */ = {isa = PBXBuildFile; fileRef = 9460BA3F1FC9821400DB3606 /* ViewModel.m */; };
/* End PBXBuildFile section */

/* Begin PBXFileReference section */
		9460BA1C1FC95D9800DB3606 /* Architecture.app */ = {isa = PBXFileReference; explicitFileType = wrapper.application; includeInIndex = 0; path = Architecture.app; sourceTree = BUILT_PRODUCTS_DIR; };
		9460BA1F1FC95D9800DB3606 /* AppDelegate.h */ = {isa = PBXFileReference; lastKnownFileType = sourcecode.c.h; path = AppDelegate.h; sourceTree = "<group>"; };
		9460BA201FC95D9800DB3606 /* AppDelegate.m */ = {isa = PBXFileReference; lastKnownFileType = sourcecode.c.objc; path = AppDelegate.m; sourceTree = "<group>"; };
		9460BA221FC95D9800DB3606 /* ViewController.h */ = {isa = PBXFileReference; lastKnownFileType = sourcecode.c.h; path = ViewController.h; sourceTree = "<group>"; };
		9460BA231FC95D9800DB3606 /* ViewController.m */ = {isa = PBXFileReference; lastKnownFileType = sourcecode.c.objc; path = ViewController.m; sourceTree = "<group>"; };
		9460BA281FC95D9800DB3606 /* Assets.xcassets */ = {isa = PBXFileReference; lastKnownFileType = folder.assetcatalog; path = Assets.xcassets; sourceTree = "<group>"; };
		9460BA2D1FC95D9800DB3606 /* Info.plist */ = {isa = PBXFileReference; lastKnownFileType = text.plist.xml; path = Info.plist; sourceTree = "<group>"; };
		9460BA2E1FC95D9800DB3606 /* main.m */ = {isa = PBXFileReference; lastKnownFileType = sourcecode.c.objc; path = main.m; sourceTree = "<group>"; };
		9460BA351FC9603A00DB3606 /* CounterModel.h */ = {isa = PBXFileReference; lastKnownFileType = sourcecode.c.h; path = CounterModel.h; sourceTree = "<group>"; };
		9460BA361FC9603A00DB3606 /* CounterModel.m */ = {isa = PBXFileReference; lastKnownFileType = sourcecode.c.objc; path = CounterModel.m; sourceTree = "<group>"; };
		9460BA381FC96B0F00DB3606 /* ViewProtocol.h */ = {isa = PBXFileReference; lastKnownFileType = sourcecode.c.h; path = ViewProtocol.h; sourceTree = "<group>"; };
		9460BA3A1FC96BEE00DB3606 /* Presenter.m */ = {isa = PBXFileReference; lastKnownFileType = sourcecode.c.objc; path = Presenter.m; sourceTree = "<group>"; };
		9460BA3C1FC96E3600DB3606 /* PresenterProtocol.h */ = {isa = PBXFileReference; lastKnownFileType = sourcecode.c.h; path = PresenterProtocol.h; sourceTree = "<group>"; };
		9460BA3D1FC96FA300DB3606 /* Presenter.h */ = {isa = PBXFileReference; lastKnownFileType = sourcecode.c.h; path = Presenter.h; sourceTree = "<group>"; };
		9460BA3E1FC9821400DB3606 /* ViewModel.h */ = {isa = PBXFileReference; lastKnownFileType = sourcecode.c.h; path = ViewModel.h; sourceTree = "<group>"; };
		9460BA3F1FC9821400DB3606 /* ViewModel.m */ = {isa = PBXFileReference; lastKnownFileType = sourcecode.c.objc; path = ViewModel.m; sourceTree = "<group>"; };
		9460BA411FCB1C2200DB3606 /* ViewModelProtocol.h */ = {isa = PBXFileReference; lastKnownFileType = sourcecode.c.h; path = ViewModelProtocol.h; sourceTree = "<group>"; };
/* End PBXFileReference section */

/* Begin PBXFrameworksBuildPhase section */
		9460BA191FC95D9800DB3606 /* Frameworks */ = {
			isa = PBXFrameworksBuildPhase;
			buildActionMask = 2147483647;
			files = (
			);
			runOnlyForDeploymentPostprocessing = 0;
		};
/* End PBXFrameworksBuildPhase section */

/* Begin PBXGroup section */
		9460BA131FC95D9800DB3606 = {
			isa = PBXGroup;
			children = (
				9460BA1E1FC95D9800DB3606 /* Architecture */,
				9460BA1D1FC95D9800DB3606 /* Products */,
			);
			sourceTree = "<group>";
		};
		9460BA1D1FC95D9800DB3606 /* Products */ = {
			isa = PBXGroup;
			children = (
				9460BA1C1FC95D9800DB3606 /* Architecture.app */,
			);
			name = Products;
			sourceTree = "<group>";
		};
		9460BA1E1FC95D9800DB3606 /* Architecture */ = {
			isa = PBXGroup;
			children = (
				9460BA1F1FC95D9800DB3606 /* AppDelegate.h */,
				9460BA201FC95D9800DB3606 /* AppDelegate.m */,
				9460BA221FC95D9800DB3606 /* ViewController.h */,
				9460BA231FC95D9800DB3606 /* ViewController.m */,
				9460BA281FC95D9800DB3606 /* Assets.xcassets */,
				9460BA2D1FC95D9800DB3606 /* Info.plist */,
				9460BA2E1FC95D9800DB3606 /* main.m */,
				9460BA351FC9603A00DB3606 /* CounterModel.h */,
				9460BA361FC9603A00DB3606 /* CounterModel.m */,
				9460BA381FC96B0F00DB3606 /* ViewProtocol.h */,
				9460BA3A1FC96BEE00DB3606 /* Presenter.m */,
				9460BA3C1FC96E3600DB3606 /* PresenterProtocol.h */,
				9460BA3D1FC96FA300DB3606 /* Presenter.h */,
				9460BA3E1FC9821400DB3606 /* ViewModel.h */,
				9460BA3F1FC9821400DB3606 /* ViewModel.m */,
				9460BA411FCB1C2200DB3606 /* ViewModelProtocol.h */,
			);
			path = Architecture;
			sourceTree = "<group>";
		};
/* End PBXGroup section */

/* Begin PBXNativeTarget section */
		9460BA1B1FC95D9800DB3606 /* Architecture */ = {
			isa = PBXNativeTarget;
			buildConfigurationList = 9460BA321FC95D9800DB3606 /* Build configuration list for PBXNativeTarget "Architecture" */;
			buildPhases = (
				9460BA181FC95D9800DB3606 /* Sources */,
				9460BA191FC95D9800DB3606 /* Frameworks */,
				9460BA1A1FC95D9800DB3606 /* Resources */,
			);
			buildRules = (
			);
			dependencies = (
			);
			name = Architecture;
			productName = Architecture;
			productReference = 9460BA1C1FC95D9800DB3606 /* Architecture.app */;
			productType = "com.apple.product-type.application";
		};
/* End PBXNativeTarget section */

/* Begin PBXProject section */
		9460BA141FC95D9800DB3606 /* Project object */ = {
			isa = PBXProject;
			attributes = {
				LastUpgradeCheck = 0910;
				TargetAttributes = {
					9460BA1B1FC95D9800DB3606 = {
						CreatedOnToolsVersion = 9.1;
						ProvisioningStyle = Automatic;
					};
				};
			};
			buildConfigurationList = 9460BA171FC95D9800DB3606 /* Build configuration list for PBXProject "Architecture" */;
			compatibilityVersion = "Xcode 8.0";
			developmentRegion = en;
			hasScannedForEncodings = 0;
			knownRegions = (
				en,
				Base,
			);
			mainGroup = 9460BA131FC95D9800DB3606;
			productRefGroup = 9460BA1D1FC95D9800DB3606 /* Products */;
			projectDirPath = "";
			projectRoot = "";
			targets = (
				9460BA1B1FC95D9800DB3606 /* Architecture */,
			);
		};
/* End PBXProject section */

/* Begin PBXResourcesBuildPhase section */
		9460BA1A1FC95D9800DB3606 /* Resources */ = {
			isa = PBXResourcesBuildPhase;
			buildActionMask = 2147483647;
			files = (
				9460BA291FC95D9800DB3606 /* Assets.xcassets in Resources */,
			);
			runOnlyForDeploymentPostprocessing = 0;
		};
/* End PBXResourcesBuildPhase section */

/* Begin PBXSourcesBuildPhase section */
		9460BA181FC95D9800DB3606 /* Sources */ = {
			isa = PBXSourcesBuildPhase;
			buildActionMask = 2147483647;
			files = (
				9460BA401FC9821400DB3606 /* ViewModel.m in Sources */,
				9460BA3B1FC96BEE00DB3606 /* Presenter.m in Sources */,
				9460BA241FC95D9800DB3606 /* ViewController.m in Sources */,
				9460BA2F1FC95D9800DB3606 /* main.m in Sources */,
				9460BA371FC9603A00DB3606 /* CounterModel.m in Sources */,
				9460BA211FC95D9800DB3606 /* AppDelegate.m in Sources */,
			);
			runOnlyForDeploymentPostprocessing = 0;
		};
/* End PBXSourcesBuildPhase section */

/* Begin XCBuildConfiguration section */
		9460BA301FC95D9800DB3606 /* Debug */ = {
			isa = XCBuildConfiguration;
			buildSettings = {
				ALWAYS_SEARCH_USER_PATHS = NO;
				CLANG_ANALYZER_NONNULL = YES;
				CLANG_ANALYZER_NUMBER_OBJECT_CONVERSION = YES_AGGRESSIVE;
				CLANG_CXX_LANGUAGE_STANDARD = "gnu++14";
				CLANG_CXX_LIBRARY = "libc++";
				CLANG_ENABLE_MODULES = YES;
				CLANG_ENABLE_OBJC_ARC = YES;
				CLANG_WARN_BLOCK_CAPTURE_AUTORELEASING = YES;
				CLANG_WARN_BOOL_CONVERSION = YES;
				CLANG_WARN_COMMA = YES;
				CLANG_WARN_CONSTANT_CONVERSION = YES;
				CLANG_WARN_DIRECT_OBJC_ISA_USAGE = YES_ERROR;
				CLANG_WARN_DOCUMENTATION_COMMENTS = YES;
				CLANG_WARN_EMPTY_BODY = YES;
				CLANG_WARN_ENUM_CONVERSION = YES;
				CLANG_WARN_INFINITE_RECURSION = YES;
				CLANG_WARN_INT_CONVERSION = YES;
				CLANG_WARN_NON_LITERAL_NULL_CONVERSION = YES;
				CLANG_WARN_OBJC_LITERAL_CONVERSION = YES;
				CLANG_WARN_OBJC_ROOT_CLASS = YES_ERROR;
				CLANG_WARN_RANGE_LOOP_ANALYSIS = YES;
				CLANG_WARN_STRICT_PROTOTYPES = YES;
				CLANG_WARN_SUSPICIOUS_MOVE = YES;
				CLANG_WARN_UNGUARDED_AVAILABILITY = YES_AGGRESSIVE;
				CLANG_WARN_UNREACHABLE_CODE = YES;
				CLANG_WARN__DUPLICATE_METHOD_MATCH = YES;
				CODE_SIGN_IDENTITY = "iPhone Developer";
				COPY_PHASE_STRIP = NO;
				DEBUG_INFORMATION_FORMAT = dwarf;
				ENABLE_STRICT_OBJC_MSGSEND = YES;
				ENABLE_TESTABILITY = YES;
				GCC_C_LANGUAGE_STANDARD = gnu11;
				GCC_DYNAMIC_NO_PIC = NO;
				GCC_NO_COMMON_BLOCKS = YES;
				GCC_OPTIMIZATION_LEVEL = 0;
				GCC_PREPROCESSOR_DEFINITIONS = (
					"DEBUG=1",
					"$(inherited)",
				);
				GCC_WARN_64_TO_32_BIT_CONVERSION = YES;
				GCC_WARN_ABOUT_RETURN_TYPE = YES_ERROR;
				GCC_WARN_UNDECLARED_SELECTOR = YES;
				GCC_WARN_UNINITIALIZED_AUTOS = YES_AGGRESSIVE;
				GCC_WARN_UNUSED_FUNCTION = YES;
				GCC_WARN_UNUSED_VARIABLE = YES;
				IPHONEOS_DEPLOYMENT_TARGET = 11.1;
				MTL_ENABLE_DEBUG_INFO = YES;
				ONLY_ACTIVE_ARCH = YES;
				SDKROOT = iphoneos;
			};
			name = Debug;
		};
		9460BA311FC95D9800DB3606 /* Release */ = {
			isa = XCBuildConfiguration;
			buildSettings = {
				ALWAYS_SEARCH_USER_PATHS = NO;
				CLANG_ANALYZER_NONNULL = YES;
				CLANG_ANALYZER_NUMBER_OBJECT_CONVERSION = YES_AGGRESSIVE;
				CLANG_CXX_LANGUAGE_STANDARD = "gnu++14";
				CLANG_CXX_LIBRARY = "libc++";
				CLANG_ENABLE_MODULES = YES;
				CLANG_ENABLE_OBJC_ARC = YES;
				CLANG_WARN_BLOCK_CAPTURE_AUTORELEASING = YES;
				CLANG_WARN_BOOL_CONVERSION = YES;
				CLANG_WARN_COMMA = YES;
				CLANG_WARN_CONSTANT_CONVERSION = YES;
				CLANG_WARN_DIRECT_OBJC_ISA_USAGE = YES_ERROR;
				CLANG_WARN_DOCUMENTATION_COMMENTS = YES;
				CLANG_WARN_EMPTY_BODY = YES;
				CLANG_WARN_ENUM_CONVERSION = YES;
				CLANG_WARN_INFINITE_RECURSION = YES;
				CLANG_WARN_INT_CONVERSION = YES;
				CLANG_WARN_NON_LITERAL_NULL_CONVERSION = YES;
				CLANG_WARN_OBJC_LITERAL_CONVERSION = YES;
				CLANG_WARN_OBJC_ROOT_CLASS = YES_ERROR;
				CLANG_WARN_RANGE_LOOP_ANALYSIS = YES;
				CLANG_WARN_STRICT_PROTOTYPES = YES;
				CLANG_WARN_SUSPICIOUS_MOVE = YES;
				CLANG_WARN_UNGUARDED_AVAILABILITY = YES_AGGRESSIVE;
				CLANG_WARN_UNREACHABLE_CODE = YES;
				CLANG_WARN__DUPLICATE_METHOD_MATCH = YES;
				CODE_SIGN_IDENTITY = "iPhone Developer";
				COPY_PHASE_STRIP = NO;
				DEBUG_INFORMATION_FORMAT = "dwarf-with-dsym";
				ENABLE_NS_ASSERTIONS = NO;
				ENABLE_STRICT_OBJC_MSGSEND = YES;
				GCC_C_LANGUAGE_STANDARD = gnu11;
				GCC_NO_COMMON_BLOCKS = YES;
				GCC_WARN_64_TO_32_BIT_CONVERSION = YES;
				GCC_WARN_ABOUT_RETURN_TYPE = YES_ERROR;
				GCC_WARN_UNDECLARED_SELECTOR = YES;
				GCC_WARN_UNINITIALIZED_AUTOS = YES_AGGRESSIVE;
				GCC_WARN_UNUSED_FUNCTION = YES;
				GCC_WARN_UNUSED_VARIABLE = YES;
				IPHONEOS_DEPLOYMENT_TARGET = 11.1;
				MTL_ENABLE_DEBUG_INFO = NO;
				SDKROOT = iphoneos;
				VALIDATE_PRODUCT = YES;
			};
			name = Release;
		};
		9460BA331FC95D9800DB3606 /* Debug */ = {
			isa = XCBuildConfiguration;
			buildSettings = {
				ASSETCATALOG_COMPILER_APPICON_NAME = AppIcon;
				CODE_SIGN_STYLE = Automatic;
				INFOPLIST_FILE = Architecture/Info.plist;
				LD_RUNPATH_SEARCH_PATHS = "$(inherited) @executable_path/Frameworks";
				PRODUCT_BUNDLE_IDENTIFIER = "-23.Architecture";
				PRODUCT_NAME = "$(TARGET_NAME)";
				TARGETED_DEVICE_FAMILY = "1,2";
			};
			name = Debug;
		};
		9460BA341FC95D9800DB3606 /* Release */ = {
			isa = XCBuildConfiguration;
			buildSettings = {
				ASSETCATALOG_COMPILER_APPICON_NAME = AppIcon;
				CODE_SIGN_STYLE = Automatic;
				INFOPLIST_FILE = Architecture/Info.plist;
				LD_RUNPATH_SEARCH_PATHS = "$(inherited) @executable_path/Frameworks";
				PRODUCT_BUNDLE_IDENTIFIER = "-23.Architecture";
				PRODUCT_NAME = "$(TARGET_NAME)";
				TARGETED_DEVICE_FAMILY = "1,2";
			};
			name = Release;
		};
/* End XCBuildConfiguration section */

/* Begin XCConfigurationList section */
		9460BA171FC95D9800DB3606 /* Build configuration list for PBXProject "Architecture" */ = {
			isa = XCConfigurationList;
			buildConfigurations = (
				9460BA301FC95D9800DB3606 /* Debug */,
				9460BA311FC95D9800DB3606 /* Release */,
			);
			defaultConfigurationIsVisible = 0;
			defaultConfigurationName = Release;
		};
		9460BA321FC95D9800DB3606 /* Build configuration list for PBXNativeTarget "Architecture" */ = {
			isa = XCConfigurationList;
			buildConfigurations = (
				9460BA331FC95D9800DB3606 /* Debug */,
				9460BA341FC95D9800DB3606 /* Release */,
			);
			defaultConfigurationIsVisible = 0;
			defaultConfigurationName = Release;
		};
/* End XCConfigurationList section */
	};
	rootObject = 9460BA141FC95D9800DB3606 /* Project object */;
}
